
Microsoft Visual Studio Solution File, Format Version 12.00
# Visual Studio Version 16
VisualStudioVersion = 16.0.31019.35
MinimumVisualStudioVersion = 10.0.40219.1
Project("{FAE04EC0-301F-11D3-BF4B-00C04F79EFBC}") = "SCI.ObjetosDB", "src\SCI.ObjetosDB\SCI.ObjetosDB.csproj", "{4E4F0051-0812-4049-9F1F-217ACD78A8DA}"
EndProject
Project("{FAE04EC0-301F-11D3-BF4B-00C04F79EFBC}") = "SCI.Negocio", "src\SCI.Negocio\SCI.Negocio.csproj", "{206E5379-1387-4931-BD07-BB294CEAF22E}"
EndProject
Global
	GlobalSection(SolutionConfigurationPlatforms) = preSolution
		Debug|Any CPU = Debug|Any CPU
		Release|Any CPU = Release|Any CPU
	EndGlobalSection
	GlobalSection(ProjectConfigurationPlatforms) = postSolution
		{4E4F0051-0812-4049-9F1F-217ACD78A8DA}.Debug|Any CPU.ActiveCfg = Debug|Any CPU
		{4E4F0051-0812-4049-9F1F-217ACD78A8DA}.Debug|Any CPU.Build.0 = Debug|Any CPU
		{4E4F0051-0812-4049-9F1F-217ACD78A8DA}.Release|Any CPU.ActiveCfg = Release|Any CPU
		{4E4F0051-0812-4049-9F1F-217ACD78A8DA}.Release|Any CPU.Build.0 = Release|Any CPU
		{206E5379-1387-4931-BD07-BB294CEAF22E}.Debug|Any CPU.ActiveCfg = Debug|Any CPU
		{206E5379-1387-4931-BD07-BB294CEAF22E}.Debug|Any CPU.Build.0 = Debug|Any CPU
		{206E5379-1387-4931-BD07-BB294CEAF22E}.Release|Any CPU.ActiveCfg = Release|Any CPU
		{206E5379-1387-4931-BD07-BB294CEAF22E}.Release|Any CPU.Build.0 = Release|Any CPU
	EndGlobalSection
	GlobalSection(SolutionProperties) = preSolution
		HideSolutionNode = FALSE
	EndGlobalSection
	GlobalSection(ExtensibilityGlobals) = postSolution
		SolutionGuid = {3F4EE224-4C37-41D8-8A7D-0FA61A4DA098}
	EndGlobalSection
EndGlobal
